PODS:
  - Flutter (1.0.0)
  - pikafish_engine (0.0.1):
    - Flutter

DEPENDENCIES:
  - Flutter (from `Flutter`)
  - pikafish_engine (from `.symlinks/plugins/pikafish_engine/ios`)

EXTERNAL SOURCES:
  Flutter:
    :path: Flutter
  pikafish_engine:
    :path: ".symlinks/plugins/pikafish_engine/ios"

SPEC CHECKSUMS:
  Flutter: cabc95a1d2626b1b06e7179b784ebcf0c0cde467
  pikafish_engine: 24bc76113fb8e7f7ec46943eb4fffe3069c37dd2

PODFILE CHECKSUM: 53026eaf67b63baa2e316e457f9701dbdf33f41a

COCOAPODS: 1.16.2
