PODS:
  - FlutterMacOS (1.0.0)
  - pikafish_engine (0.0.1):
    - FlutterMacOS

DEPENDENCIES:
  - FlutterMacOS (from `Flutter/ephemeral`)
  - pikafish_engine (from `Flutter/ephemeral/.symlinks/plugins/pikafish_engine/macos`)

EXTERNAL SOURCES:
  FlutterMacOS:
    :path: Flutter/ephemeral
  pikafish_engine:
    :path: Flutter/ephemeral/.symlinks/plugins/pikafish_engine/macos

SPEC CHECKSUMS:
  FlutterMacOS: d0db08ddef1a9af05a5ec4b724367152bb0500b1
  pikafish_engine: 14e98e80173388d84158dc9ddad33792fa618fca

PODFILE CHECKSUM: 54d867c82ac51cbd61b565781b9fada492027009

COCOAPODS: 1.16.2
